Microsoft Visual Studio Solution File, Format Version 11.00
# Visual Studio 2010
Project("{FAE04EC0-301F-11D3-BF4B-00C04F79EFBC}") = "FilterOnDateRanges", "FilterOnDateRanges\FilterOnDateRanges.csproj", "{22E1307B-3602-44A9-B391-E68F8F789CEF}"
EndProject
Global
	GlobalSection(SolutionConfigurationPlatforms) = preSolution
		Debug|Any CPU = Debug|Any CPU
		Release|Any CPU = Release|Any CPU
	EndGlobalSection
	GlobalSection(ProjectConfigurationPlatforms) = postSolution
		{22E1307B-3602-44A9-B391-E68F8F789CEF}.Debug|Any CPU.ActiveCfg = Debug|Any CPU
		{22E1307B-3602-44A9-B391-E68F8F789CEF}.Debug|Any CPU.Build.0 = Debug|Any CPU
		{22E1307B-3602-44A9-B391-E68F8F789CEF}.Release|Any CPU.ActiveCfg = Release|Any CPU
		{22E1307B-3602-44A9-B391-E68F8F789CEF}.Release|Any CPU.Build.0 = Release|Any CPU
	EndGlobalSection
	GlobalSection(SolutionProperties) = preSolution
		HideSolutionNode = FALSE
	EndGlobalSection
EndGlobal
